version = 1
revision = 3
requires-python = ">=3.9"
resolution-markers = [
    "python_full_version >= '3.10'",
    "python_full_version < '3.10'",
]

[manifest]
members = [
    "anycall",
    "anycall-example-consumer",
    "anycall-example-supplier",
]

[[package]]
name = "anycall"
version = "0.0.1"
source = { editable = "lib" }
dependencies = [
    { name = "dacite" },
    { name = "redis", version = "7.0.1", source = { registry = "https://pypi.org/simple" }, marker = "python_full_version < '3.10'" },
    { name = "redis", version = "8.0.0", source = { registry = "https://pypi.org/simple" }, marker = "python_full_version >= '3.10'" },
]

[package.metadata]
requires-dist = [
    { name = "dacite", specifier = ">=1.8.0" },
    { name = "redis", specifier = ">=5.0.0" },
]

[[package]]
name = "anycall-example-consumer"
version = "0.0.1"
source = { editable = "example-consumer" }
dependencies = [
    { name = "anycall" },
]

[package.metadata]
requires-dist = [{ name = "anycall", editable = "lib" }]

[[package]]
name = "anycall-example-supplier"
version = "0.0.1"
source = { editable = "example-supplier" }
dependencies = [
    { name = "anycall" },
]

[package.metadata]
requires-dist = [{ name = "anycall", editable = "lib" }]

[[package]]
name = "async-timeout"
version = "5.0.1"
source = { registry = "https://pypi.org/simple" }
sdist = { url = "https://files.pythonhosted.org/packages/a5/ae/136395dfbfe00dfc94da3f3e136d0b13f394cba8f4841120e34226265780/async_timeout-5.0.1.tar.gz", hash = "sha256:d9321a7a3d5a6a5e187e824d2fa0793ce379a202935782d555d6e9d2735677d3", size = 9274, upload-time = "2024-11-06T16:41:39.6Z" }
wheels = [
    { url = "https://files.pythonhosted.org/packages/fe/ba/e2081de779ca30d473f21f5b30e0e737c438205440784c7dfc81efc2b029/async_timeout-5.0.1-py3-none-any.whl", hash = "sha256:39e3809566ff85354557ec2398b55e096c8364bacac9405a7a1fa429e77fe76c", size = 6233, upload-time = "2024-11-06T16:41:37.9Z" },
]

[[package]]
name = "dacite"
version = "1.9.2"
source = { registry = "https://pypi.org/simple" }
sdist = { url = "https://files.pythonhosted.org/packages/55/a0/7ca79796e799a3e782045d29bf052b5cde7439a2bbb17f15ff44f7aacc63/dacite-1.9.2.tar.gz", hash = "sha256:6ccc3b299727c7aa17582f0021f6ae14d5de47c7227932c47fec4cdfefd26f09", size = 22420, upload-time = "2025-02-05T09:27:29.757Z" }
wheels = [
    { url = "https://files.pythonhosted.org/packages/94/35/386550fd60316d1e37eccdda609b074113298f23cef5bddb2049823fe666/dacite-1.9.2-py3-none-any.whl", hash = "sha256:053f7c3f5128ca2e9aceb66892b1a3c8936d02c686e707bee96e19deef4bc4a0", size = 16600, upload-time = "2025-02-05T09:27:24.345Z" },
]

[[package]]
name = "redis"
version = "7.0.1"
source = { registry = "https://pypi.org/simple" }
resolution-markers = [
    "python_full_version < '3.10'",
]
dependencies = [
    { name = "async-timeout", marker = "python_full_version < '3.10'" },
]
sdist = { url = "https://files.pythonhosted.org/packages/57/8f/f125feec0b958e8d22c8f0b492b30b1991d9499a4315dfde466cf4289edc/redis-7.0.1.tar.gz", hash = "sha256:c949df947dca995dc68fdf5a7863950bf6df24f8d6022394585acc98e81624f1", size = 4755322, upload-time = "2025-10-27T14:34:00.33Z" }
wheels = [
    { url = "https://files.pythonhosted.org/packages/e9/97/9f22a33c475cda519f20aba6babb340fb2f2254a02fb947816960d1e669a/redis-7.0.1-py3-none-any.whl", hash = "sha256:4977af3c7d67f8f0eb8b6fec0dafc9605db9343142f634041fb0235f67c0588a", size = 339938, upload-time = "2025-10-27T14:33:58.553Z" },
]

[[package]]
name = "redis"
version = "8.0.0"
source = { registry = "https://pypi.org/simple" }
resolution-markers = [
    "python_full_version >= '3.10'",
]
dependencies = [
    { name = "async-timeout", marker = "python_full_version >= '3.10' and python_full_version < '3.11.3'" },
]
sdist = { url = "https://files.pythonhosted.org/packages/53/ae/ed461cca5780b5fc8b9fe8ca0ed98d89508645fb9d880c24cc42c087678f/redis-8.0.0.tar.gz", hash = "sha256:a00c5355432051ac14e593b8b197fc76c887ee12d55a0984f69328a1115fdc49", size = 5101591, upload-time = "2026-05-28T12:45:13.5Z" }
wheels = [
    { url = "https://files.pythonhosted.org/packages/27/e3/b519734372d305bd547534a9f32e4ce9f98552af753dce72cf3483a0ff0b/redis-8.0.0-py3-none-any.whl", hash = "sha256:c938c18338585009f0bc310f4c7e4e4b4d37639356c4ac072cedf3af570c8dc7", size = 499870, upload-time = "2026-05-28T12:45:11.697Z" },
]
